
Microsoft Visual Studio Solution File, Format Version 12.00
# Visual Studio Version 16
VisualStudioVersion = 16.0.29905.134
MinimumVisualStudioVersion = 10.0.40219.1
Project("{FAE04EC0-301F-11D3-BF4B-00C04F79EFBC}") = "Snakes and Ladders", "Snakes and Ladders\Snakes and Ladders.csproj", "{D44C7304-570A-43EB-BE35-4BF09DB6A626}"
EndProject
Global
	GlobalSection(SolutionConfigurationPlatforms) = preSolution
		Debug|Any CPU = Debug|Any CPU
		Release|Any CPU = Release|Any CPU
	EndGlobalSection
	GlobalSection(ProjectConfigurationPlatforms) = postSolution
		{D44C7304-570A-43EB-BE35-4BF09DB6A626}.Debug|Any CPU.ActiveCfg = Debug|Any CPU
		{D44C7304-570A-43EB-BE35-4BF09DB6A626}.Debug|Any CPU.Build.0 = Debug|Any CPU
		{D44C7304-570A-43EB-BE35-4BF09DB6A626}.Release|Any CPU.ActiveCfg = Release|Any CPU
		{D44C7304-570A-43EB-BE35-4BF09DB6A626}.Release|Any CPU.Build.0 = Release|Any CPU
	EndGlobalSection
	GlobalSection(SolutionProperties) = preSolution
		HideSolutionNode = FALSE
	EndGlobalSection
	GlobalSection(ExtensibilityGlobals) = postSolution
		SolutionGuid = {7A997115-6A32-4F69-BAF4-C84E2F89C145}
	EndGlobalSection
EndGlobal
